
Microsoft Visual Studio Solution File, Format Version 12.00
# Visual Studio Version 16
VisualStudioVersion = 16.0.30907.101
MinimumVisualStudioVersion = 10.0.40219.1
Project("{FAE04EC0-301F-11D3-BF4B-00C04F79EFBC}") = "UD27_Ej4", "UD27_Ej4\UD27_Ej4.csproj", "{B451E9E7-9E15-4FA6-96C2-01DE47DA2263}"
EndProject
Global
	GlobalSection(SolutionConfigurationPlatforms) = preSolution
		Debug|Any CPU = Debug|Any CPU
		Release|Any CPU = Release|Any CPU
	EndGlobalSection
	GlobalSection(ProjectConfigurationPlatforms) = postSolution
		{B451E9E7-9E15-4FA6-96C2-01DE47DA2263}.Debug|Any CPU.ActiveCfg = Debug|Any CPU
		{B451E9E7-9E15-4FA6-96C2-01DE47DA2263}.Debug|Any CPU.Build.0 = Debug|Any CPU
		{B451E9E7-9E15-4FA6-96C2-01DE47DA2263}.Release|Any CPU.ActiveCfg = Release|Any CPU
		{B451E9E7-9E15-4FA6-96C2-01DE47DA2263}.Release|Any CPU.Build.0 = Release|Any CPU
	EndGlobalSection
	GlobalSection(SolutionProperties) = preSolution
		HideSolutionNode = FALSE
	EndGlobalSection
	GlobalSection(ExtensibilityGlobals) = postSolution
		SolutionGuid = {C206DD50-34A2-4232-AE2A-56D36336AA32}
	EndGlobalSection
EndGlobal
